
Microsoft Visual Studio Solution File, Format Version 12.00
# Visual Studio 15
VisualStudioVersion = 15.0.26228.12
MinimumVisualStudioVersion = 10.0.40219.1
Project("{FAE04EC0-301F-11D3-BF4B-00C04F79EFBC}") = "DesignPatterns", "DesignPatterns\DesignPatterns.csproj", "{685941ED-6165-44F0-9724-2F6A133CFA1E}"
EndProject
Project("{2150E333-8FDC-42A3-9474-1A3956D46DE8}") = "Patterns", "Patterns", "{733A96E3-B4A1-494C-98AD-8E336E8E22E5}"
EndProject
Project("{FAE04EC0-301F-11D3-BF4B-00C04F79EFBC}") = "Observer", "Observer\Observer.csproj", "{B5698B95-C51D-4EEF-AA18-D2FBCC451C05}"
EndProject
Project("{FAE04EC0-301F-11D3-BF4B-00C04F79EFBC}") = "Decorator", "Decorator\Decorator.csproj", "{D88F5F38-64C5-49B9-B20E-44A5A5EF5822}"
EndProject
Project("{FAE04EC0-301F-11D3-BF4B-00C04F79EFBC}") = "Factory", "Factory\Factory.csproj", "{A25E6A66-8085-4576-BAD7-9461B3CF00CB}"
EndProject
Project("{FAE04EC0-301F-11D3-BF4B-00C04F79EFBC}") = "Singleton", "Singleton\Singleton.csproj", "{B52954E0-2263-4281-8FF2-7884A0F3C6DB}"
EndProject
Project("{FAE04EC0-301F-11D3-BF4B-00C04F79EFBC}") = "Command", "Command\Command.csproj", "{0F071194-012B-47C6-9312-A0EEA9A80D46}"
EndProject
Project("{FAE04EC0-301F-11D3-BF4B-00C04F79EFBC}") = "AdapterAndFacade", "AdapterAndFacade\AdapterAndFacade.csproj", "{396A9EF9-FEE8-4FF0-BBA3-CB8ECABF4711}"
EndProject
Project("{FAE04EC0-301F-11D3-BF4B-00C04F79EFBC}") = "TemplateMethod", "Template\TemplateMethod.csproj", "{4CA8F5E5-5900-4C01-8B65-0649D7E59D55}"
EndProject
Project("{FAE04EC0-301F-11D3-BF4B-00C04F79EFBC}") = "IteratorAndComposite", "IteratorAndComposite\IteratorAndComposite.csproj", "{2B3180E8-0B09-4249-B618-706946306E2E}"
EndProject
Project("{FAE04EC0-301F-11D3-BF4B-00C04F79EFBC}") = "State", "State\State.csproj", "{98694767-974F-4496-92AC-6EE202630CE1}"
EndProject
Project("{FAE04EC0-301F-11D3-BF4B-00C04F79EFBC}") = "Proxy", "Proxy\Proxy.csproj", "{79389FCE-058D-41C3-8901-5CD110657ECC}"
EndProject
Project("{FAE04EC0-301F-11D3-BF4B-00C04F79EFBC}") = "Compound", "Compound\Compound.csproj", "{E3BB68FA-EF34-4C79-98EF-AEFE8D5B2693}"
EndProject
Project("{FAE04EC0-301F-11D3-BF4B-00C04F79EFBC}") = "ModelViewController", "ModelViewController\ModelViewController.csproj", "{1B7A57C5-2240-472A-8899-B98C9A85A32F}"
EndProject
Global
	GlobalSection(SolutionConfigurationPlatforms) = preSolution
		Debug|Any CPU = Debug|Any CPU
		Release|Any CPU = Release|Any CPU
	EndGlobalSection
	GlobalSection(ProjectConfigurationPlatforms) = postSolution
		{685941ED-6165-44F0-9724-2F6A133CFA1E}.Debug|Any CPU.ActiveCfg = Debug|Any CPU
		{685941ED-6165-44F0-9724-2F6A133CFA1E}.Debug|Any CPU.Build.0 = Debug|Any CPU
		{685941ED-6165-44F0-9724-2F6A133CFA1E}.Release|Any CPU.ActiveCfg = Release|Any CPU
		{685941ED-6165-44F0-9724-2F6A133CFA1E}.Release|Any CPU.Build.0 = Release|Any CPU
		{B5698B95-C51D-4EEF-AA18-D2FBCC451C05}.Debug|Any CPU.ActiveCfg = Debug|Any CPU
		{B5698B95-C51D-4EEF-AA18-D2FBCC451C05}.Debug|Any CPU.Build.0 = Debug|Any CPU
		{B5698B95-C51D-4EEF-AA18-D2FBCC451C05}.Release|Any CPU.ActiveCfg = Release|Any CPU
		{B5698B95-C51D-4EEF-AA18-D2FBCC451C05}.Release|Any CPU.Build.0 = Release|Any CPU
		{D88F5F38-64C5-49B9-B20E-44A5A5EF5822}.Debug|Any CPU.ActiveCfg = Debug|Any CPU
		{D88F5F38-64C5-49B9-B20E-44A5A5EF5822}.Debug|Any CPU.Build.0 = Debug|Any CPU
		{D88F5F38-64C5-49B9-B20E-44A5A5EF5822}.Release|Any CPU.ActiveCfg = Release|Any CPU
		{D88F5F38-64C5-49B9-B20E-44A5A5EF5822}.Release|Any CPU.Build.0 = Release|Any CPU
		{A25E6A66-8085-4576-BAD7-9461B3CF00CB}.Debug|Any CPU.ActiveCfg = Debug|Any CPU
		{A25E6A66-8085-4576-BAD7-9461B3CF00CB}.Debug|Any CPU.Build.0 = Debug|Any CPU
		{A25E6A66-8085-4576-BAD7-9461B3CF00CB}.Release|Any CPU.ActiveCfg = Release|Any CPU
		{A25E6A66-8085-4576-BAD7-9461B3CF00CB}.Release|Any CPU.Build.0 = Release|Any CPU
		{B52954E0-2263-4281-8FF2-7884A0F3C6DB}.Debug|Any CPU.ActiveCfg = Debug|Any CPU
		{B52954E0-2263-4281-8FF2-7884A0F3C6DB}.Debug|Any CPU.Build.0 = Debug|Any CPU
		{B52954E0-2263-4281-8FF2-7884A0F3C6DB}.Release|Any CPU.ActiveCfg = Release|Any CPU
		{B52954E0-2263-4281-8FF2-7884A0F3C6DB}.Release|Any CPU.Build.0 = Release|Any CPU
		{0F071194-012B-47C6-9312-A0EEA9A80D46}.Debug|Any CPU.ActiveCfg = Debug|Any CPU
		{0F071194-012B-47C6-9312-A0EEA9A80D46}.Debug|Any CPU.Build.0 = Debug|Any CPU
		{0F071194-012B-47C6-9312-A0EEA9A80D46}.Release|Any CPU.ActiveCfg = Release|Any CPU
		{0F071194-012B-47C6-9312-A0EEA9A80D46}.Release|Any CPU.Build.0 = Release|Any CPU
		{396A9EF9-FEE8-4FF0-BBA3-CB8ECABF4711}.Debug|Any CPU.ActiveCfg = Debug|Any CPU
		{396A9EF9-FEE8-4FF0-BBA3-CB8ECABF4711}.Debug|Any CPU.Build.0 = Debug|Any CPU
		{396A9EF9-FEE8-4FF0-BBA3-CB8ECABF4711}.Release|Any CPU.ActiveCfg = Release|Any CPU
		{396A9EF9-FEE8-4FF0-BBA3-CB8ECABF4711}.Release|Any CPU.Build.0 = Release|Any CPU
		{4CA8F5E5-5900-4C01-8B65-0649D7E59D55}.Debug|Any CPU.ActiveCfg = Debug|Any CPU
		{4CA8F5E5-5900-4C01-8B65-0649D7E59D55}.Debug|Any CPU.Build.0 = Debug|Any CPU
		{4CA8F5E5-5900-4C01-8B65-0649D7E59D55}.Release|Any CPU.ActiveCfg = Release|Any CPU
		{4CA8F5E5-5900-4C01-8B65-0649D7E59D55}.Release|Any CPU.Build.0 = Release|Any CPU
		{2B3180E8-0B09-4249-B618-706946306E2E}.Debug|Any CPU.ActiveCfg = Debug|Any CPU
		{2B3180E8-0B09-4249-B618-706946306E2E}.Debug|Any CPU.Build.0 = Debug|Any CPU
		{2B3180E8-0B09-4249-B618-706946306E2E}.Release|Any CPU.ActiveCfg = Release|Any CPU
		{2B3180E8-0B09-4249-B618-706946306E2E}.Release|Any CPU.Build.0 = Release|Any CPU
		{98694767-974F-4496-92AC-6EE202630CE1}.Debug|Any CPU.ActiveCfg = Debug|Any CPU
		{98694767-974F-4496-92AC-6EE202630CE1}.Debug|Any CPU.Build.0 = Debug|Any CPU
		{98694767-974F-4496-92AC-6EE202630CE1}.Release|Any CPU.ActiveCfg = Release|Any CPU
		{98694767-974F-4496-92AC-6EE202630CE1}.Release|Any CPU.Build.0 = Release|Any CPU
		{79389FCE-058D-41C3-8901-5CD110657ECC}.Debug|Any CPU.ActiveCfg = Debug|Any CPU
		{79389FCE-058D-41C3-8901-5CD110657ECC}.Debug|Any CPU.Build.0 = Debug|Any CPU
		{79389FCE-058D-41C3-8901-5CD110657ECC}.Release|Any CPU.ActiveCfg = Release|Any CPU
		{79389FCE-058D-41C3-8901-5CD110657ECC}.Release|Any CPU.Build.0 = Release|Any CPU
		{E3BB68FA-EF34-4C79-98EF-AEFE8D5B2693}.Debug|Any CPU.ActiveCfg = Debug|Any CPU
		{E3BB68FA-EF34-4C79-98EF-AEFE8D5B2693}.Debug|Any CPU.Build.0 = Debug|Any CPU
		{E3BB68FA-EF34-4C79-98EF-AEFE8D5B2693}.Release|Any CPU.ActiveCfg = Release|Any CPU
		{E3BB68FA-EF34-4C79-98EF-AEFE8D5B2693}.Release|Any CPU.Build.0 = Release|Any CPU
		{1B7A57C5-2240-472A-8899-B98C9A85A32F}.Debug|Any CPU.ActiveCfg = Debug|Any CPU
		{1B7A57C5-2240-472A-8899-B98C9A85A32F}.Debug|Any CPU.Build.0 = Debug|Any CPU
		{1B7A57C5-2240-472A-8899-B98C9A85A32F}.Release|Any CPU.ActiveCfg = Release|Any CPU
		{1B7A57C5-2240-472A-8899-B98C9A85A32F}.Release|Any CPU.Build.0 = Release|Any CPU
	EndGlobalSection
	GlobalSection(SolutionProperties) = preSolution
		HideSolutionNode = FALSE
	EndGlobalSection
	GlobalSection(NestedProjects) = preSolution
		{B5698B95-C51D-4EEF-AA18-D2FBCC451C05} = {733A96E3-B4A1-494C-98AD-8E336E8E22E5}
		{D88F5F38-64C5-49B9-B20E-44A5A5EF5822} = {733A96E3-B4A1-494C-98AD-8E336E8E22E5}
		{A25E6A66-8085-4576-BAD7-9461B3CF00CB} = {733A96E3-B4A1-494C-98AD-8E336E8E22E5}
		{B52954E0-2263-4281-8FF2-7884A0F3C6DB} = {733A96E3-B4A1-494C-98AD-8E336E8E22E5}
		{0F071194-012B-47C6-9312-A0EEA9A80D46} = {733A96E3-B4A1-494C-98AD-8E336E8E22E5}
		{396A9EF9-FEE8-4FF0-BBA3-CB8ECABF4711} = {733A96E3-B4A1-494C-98AD-8E336E8E22E5}
		{4CA8F5E5-5900-4C01-8B65-0649D7E59D55} = {733A96E3-B4A1-494C-98AD-8E336E8E22E5}
		{2B3180E8-0B09-4249-B618-706946306E2E} = {733A96E3-B4A1-494C-98AD-8E336E8E22E5}
		{98694767-974F-4496-92AC-6EE202630CE1} = {733A96E3-B4A1-494C-98AD-8E336E8E22E5}
		{79389FCE-058D-41C3-8901-5CD110657ECC} = {733A96E3-B4A1-494C-98AD-8E336E8E22E5}
		{E3BB68FA-EF34-4C79-98EF-AEFE8D5B2693} = {733A96E3-B4A1-494C-98AD-8E336E8E22E5}
		{1B7A57C5-2240-472A-8899-B98C9A85A32F} = {733A96E3-B4A1-494C-98AD-8E336E8E22E5}
	EndGlobalSection
EndGlobal
